{
  "name": "merve",
  "version": "0.1.0",
  "lockfileVersion": 1,
  "requires": true,
  "dependencies": {
    "async": {
      "version": "2.1.5",
      "resolved": "https://registry.npmjs.org/async/-/async-2.1.5.tgz",
      "integrity": "sha1-5YfGhYCZSsZ/xW/4bTrFa9voELw=",
      "requires": {
        "lodash": "4.17.4"
      }
    },
    "lazy.js": {
      "version": "0.5.0",
      "resolved": "https://registry.npmjs.org/lazy.js/-/lazy.js-0.5.0.tgz",
      "integrity": "sha1-2KAr4TWAb8u815mVE9i2+vmFdVA="
    },
    "lodash": {
      "version": "4.17.4",
      "resolved": "https://registry.npmjs.org/lodash/-/lodash-4.17.4.tgz",
      "integrity": "sha1-eCA6TRwyiuHYbcpkYONptX9AVa4="
    },
    "minimist": {
      "version": "1.2.0",
      "resolved": "https://registry.npmjs.org/minimist/-/minimist-1.2.0.tgz",
      "integrity": "sha1-o1AIsg9BOD7sH7kU9M1d95omQoQ="
    },
    "nan": {
      "version": "2.5.1",
      "resolved": "https://registry.npmjs.org/nan/-/nan-2.5.1.tgz",
      "integrity": "sha1-1bAWkSUzJql6K77p5hxV2NYDUeI="
    },
    "zookeeper": {
      "version": "3.4.9-3",
      "resolved": "https://registry.npmjs.org/zookeeper/-/zookeeper-3.4.9-3.tgz",
      "integrity": "sha1-Ek/kARC5lKSkVcK91OMliZ1VZjo=",
      "requires": {
        "async": "2.1.5",
        "lodash": "4.17.4",
        "nan": "2.5.1"
      }
    }
  }
}
